// !$*UTF8*$!
{
	archiveVersion = 1;
	classes = {
	};
	objectVersion = 56;
	objects = {

/* Begin PBXBuildFile section */
		39BDC047299F23620035F1C1 /* FundamentalsOfMusicApp.swift in Sources */ = {isa = PBXBuildFile; fileRef = 39BDC046299F23620035F1C1 /* FundamentalsOfMusicApp.swift */; };
		39BDC049299F23620035F1C1 /* ContentView.swift in Sources */ = {isa = PBXBuildFile; fileRef = 39BDC048299F23620035F1C1 /* ContentView.swift */; };
		39BDC04B299F23630035F1C1 /* Assets.xcassets in Resources */ = {isa = PBXBuildFile; fileRef = 39BDC04A299F23630035F1C1 /* Assets.xcassets */; };
		39BDC04E299F23630035F1C1 /* Preview Assets.xcassets in Resources */ = {isa = PBXBuildFile; fileRef = 39BDC04D299F23630035F1C1 /* Preview Assets.xcassets */; };
		39BDC050299F23630035F1C1 /* Persistence.swift in Sources */ = {isa = PBXBuildFile; fileRef = 39BDC04F299F23630035F1C1 /* Persistence.swift */; };
		39BDC053299F23630035F1C1 /* FundamentalsOfMusic.xcdatamodeld in Sources */ = {isa = PBXBuildFile; fileRef = 39BDC051299F23630035F1C1 /* FundamentalsOfMusic.xcdatamodeld */; };
		39BDC05D299F23630035F1C1 /* FundamentalsOfMusicTests.swift in Sources */ = {isa = PBXBuildFile; fileRef = 39BDC05C299F23630035F1C1 /* FundamentalsOfMusicTests.swift */; };
		39BDC067299F23630035F1C1 /* FundamentalsOfMusicUITests.swift in Sources */ = {isa = PBXBuildFile; fileRef = 39BDC066299F23630035F1C1 /* FundamentalsOfMusicUITests.swift */; };
		39BDC069299F23630035F1C1 /* FundamentalsOfMusicUITestsLaunchTests.swift in Sources */ = {isa = PBXBuildFile; fileRef = 39BDC068299F23630035F1C1 /* FundamentalsOfMusicUITestsLaunchTests.swift */; };
		39BDC07829A097AE0035F1C1 /* Staff.swift in Sources */ = {isa = PBXBuildFile; fileRef = 39BDC07729A097AE0035F1C1 /* Staff.swift */; };
		39BDC07A29A098DC0035F1C1 /* Note.swift in Sources */ = {isa = PBXBuildFile; fileRef = 39BDC07929A098DC0035F1C1 /* Note.swift */; };
		39BDC07D29A0A3A20035F1C1 /* Home.swift in Sources */ = {isa = PBXBuildFile; fileRef = 39BDC07C29A0A3A20035F1C1 /* Home.swift */; };
		39BDC07F29A0AA380035F1C1 /* Colors.xcassets in Resources */ = {isa = PBXBuildFile; fileRef = 39BDC07E29A0AA380035F1C1 /* Colors.xcassets */; };
		39BDC08229A0AF900035F1C1 /* SheetItemsService.swift in Sources */ = {isa = PBXBuildFile; fileRef = 39BDC08129A0AF900035F1C1 /* SheetItemsService.swift */; };
		39BDC08429C2D5C20035F1C1 /* StaffNew.swift in Sources */ = {isa = PBXBuildFile; fileRef = 39BDC08329C2D5C20035F1C1 /* StaffNew.swift */; };
/* End PBXBuildFile section */

/* Begin PBXContainerItemProxy section */
		39BDC059299F23630035F1C1 /* PBXContainerItemProxy */ = {
			isa = PBXContainerItemProxy;
			containerPortal = 39BDC03B299F23620035F1C1 /* Project object */;
			proxyType = 1;
			remoteGlobalIDString = 39BDC042299F23620035F1C1;
			remoteInfo = FundamentalsOfMusic;
		};
		39BDC063299F23630035F1C1 /* PBXContainerItemProxy */ = {
			isa = PBXContainerItemProxy;
			containerPortal = 39BDC03B299F23620035F1C1 /* Project object */;
			proxyType = 1;
			remoteGlobalIDString = 39BDC042299F23620035F1C1;
			remoteInfo = FundamentalsOfMusic;
		};
/* End PBXContainerItemProxy section */

/* Begin PBXFileReference section */
		39BDC043299F23620035F1C1 /* FundamentalsOfMusic.app */ = {isa = PBXFileReference; explicitFileType = wrapper.application; includeInIndex = 0; path = FundamentalsOfMusic.app; sourceTree = BUILT_PRODUCTS_DIR; };
		39BDC046299F23620035F1C1 /* FundamentalsOfMusicApp.swift */ = {isa = PBXFileReference; lastKnownFileType = sourcecode.swift; path = FundamentalsOfMusicApp.swift; sourceTree = "<group>"; };
		39BDC048299F23620035F1C1 /* ContentView.swift */ = {isa = PBXFileReference; lastKnownFileType = sourcecode.swift; path = ContentView.swift; sourceTree = "<group>"; };
		39BDC04A299F23630035F1C1 /* Assets.xcassets */ = {isa = PBXFileReference; lastKnownFileType = folder.assetcatalog; path = Assets.xcassets; sourceTree = "<group>"; };
		39BDC04D299F23630035F1C1 /* Preview Assets.xcassets */ = {isa = PBXFileReference; lastKnownFileType = folder.assetcatalog; path = "Preview Assets.xcassets"; sourceTree = "<group>"; };
		39BDC04F299F23630035F1C1 /* Persistence.swift */ = {isa = PBXFileReference; lastKnownFileType = sourcecode.swift; path = Persistence.swift; sourceTree = "<group>"; };
		39BDC052299F23630035F1C1 /* FundamentalsOfMusic.xcdatamodel */ = {isa = PBXFileReference; lastKnownFileType = wrapper.xcdatamodel; path = FundamentalsOfMusic.xcdatamodel; sourceTree = "<group>"; };
		39BDC058299F23630035F1C1 /* FundamentalsOfMusicTests.xctest */ = {isa = PBXFileReference; explicitFileType = wrapper.cfbundle; includeInIndex = 0; path = FundamentalsOfMusicTests.xctest; sourceTree = BUILT_PRODUCTS_DIR; };
		39BDC05C299F23630035F1C1 /* FundamentalsOfMusicTests.swift */ = {isa = PBXFileReference; lastKnownFileType = sourcecode.swift; path = FundamentalsOfMusicTests.swift; sourceTree = "<group>"; };
		39BDC062299F23630035F1C1 /* FundamentalsOfMusicUITests.xctest */ = {isa = PBXFileReference; explicitFileType = wrapper.cfbundle; includeInIndex = 0; path = FundamentalsOfMusicUITests.xctest; sourceTree = BUILT_PRODUCTS_DIR; };
		39BDC066299F23630035F1C1 /* FundamentalsOfMusicUITests.swift */ = {isa = PBXFileReference; lastKnownFileType = sourcecode.swift; path = FundamentalsOfMusicUITests.swift; sourceTree = "<group>"; };
		39BDC068299F23630035F1C1 /* FundamentalsOfMusicUITestsLaunchTests.swift */ = {isa = PBXFileReference; lastKnownFileType = sourcecode.swift; path = FundamentalsOfMusicUITestsLaunchTests.swift; sourceTree = "<group>"; };
		39BDC07729A097AE0035F1C1 /* Staff.swift */ = {isa = PBXFileReference; lastKnownFileType = sourcecode.swift; path = Staff.swift; sourceTree = "<group>"; };
		39BDC07929A098DC0035F1C1 /* Note.swift */ = {isa = PBXFileReference; lastKnownFileType = sourcecode.swift; path = Note.swift; sourceTree = "<group>"; };
		39BDC07C29A0A3A20035F1C1 /* Home.swift */ = {isa = PBXFileReference; lastKnownFileType = sourcecode.swift; path = Home.swift; sourceTree = "<group>"; };
		39BDC07E29A0AA380035F1C1 /* Colors.xcassets */ = {isa = PBXFileReference; lastKnownFileType = folder.assetcatalog; path = Colors.xcassets; sourceTree = "<group>"; };
		39BDC08129A0AF900035F1C1 /* SheetItemsService.swift */ = {isa = PBXFileReference; lastKnownFileType = sourcecode.swift; path = SheetItemsService.swift; sourceTree = "<group>"; };
		39BDC08329C2D5C20035F1C1 /* StaffNew.swift */ = {isa = PBXFileReference; lastKnownFileType = sourcecode.swift; path = StaffNew.swift; sourceTree = "<group>"; };
/* End PBXFileReference section */

/* Begin PBXFrameworksBuildPhase section */
		39BDC040299F23620035F1C1 /* Frameworks */ = {
			isa = PBXFrameworksBuildPhase;
			buildActionMask = 2147483647;
			files = (
			);
			runOnlyForDeploymentPostprocessing = 0;
		};
		39BDC055299F23630035F1C1 /* Frameworks */ = {
			isa = PBXFrameworksBuildPhase;
			buildActionMask = 2147483647;
			files = (
			);
			runOnlyForDeploymentPostprocessing = 0;
		};
		39BDC05F299F23630035F1C1 /* Frameworks */ = {
			isa = PBXFrameworksBuildPhase;
			buildActionMask = 2147483647;
			files = (
			);
			runOnlyForDeploymentPostprocessing = 0;
		};
/* End PBXFrameworksBuildPhase section */

/* Begin PBXGroup section */
		39BDC03A299F23620035F1C1 = {
			isa = PBXGroup;
			children = (
				39BDC045299F23620035F1C1 /* FundamentalsOfMusic */,
				39BDC05B299F23630035F1C1 /* FundamentalsOfMusicTests */,
				39BDC065299F23630035F1C1 /* FundamentalsOfMusicUITests */,
				39BDC044299F23620035F1C1 /* Products */,
			);
			sourceTree = "<group>";
		};
		39BDC044299F23620035F1C1 /* Products */ = {
			isa = PBXGroup;
			children = (
				39BDC043299F23620035F1C1 /* FundamentalsOfMusic.app */,
				39BDC058299F23630035F1C1 /* FundamentalsOfMusicTests.xctest */,
				39BDC062299F23630035F1C1 /* FundamentalsOfMusicUITests.xctest */,
			);
			name = Products;
			sourceTree = "<group>";
		};
		39BDC045299F23620035F1C1 /* FundamentalsOfMusic */ = {
			isa = PBXGroup;
			children = (
				39BDC08029A0AE750035F1C1 /* Services */,
				39BDC07629A0979A0035F1C1 /* Staff */,
				39BDC07529A097230035F1C1 /* Scenes */,
				39BDC046299F23620035F1C1 /* FundamentalsOfMusicApp.swift */,
				39BDC048299F23620035F1C1 /* ContentView.swift */,
				39BDC04A299F23630035F1C1 /* Assets.xcassets */,
				39BDC04F299F23630035F1C1 /* Persistence.swift */,
				39BDC051299F23630035F1C1 /* FundamentalsOfMusic.xcdatamodeld */,
				39BDC04C299F23630035F1C1 /* Preview Content */,
				39BDC07E29A0AA380035F1C1 /* Colors.xcassets */,
			);
			path = FundamentalsOfMusic;
			sourceTree = "<group>";
		};
		39BDC04C299F23630035F1C1 /* Preview Content */ = {
			isa = PBXGroup;
			children = (
				39BDC04D299F23630035F1C1 /* Preview Assets.xcassets */,
			);
			path = "Preview Content";
			sourceTree = "<group>";
		};
		39BDC05B299F23630035F1C1 /* FundamentalsOfMusicTests */ = {
			isa = PBXGroup;
			children = (
				39BDC05C299F23630035F1C1 /* FundamentalsOfMusicTests.swift */,
			);
			path = FundamentalsOfMusicTests;
			sourceTree = "<group>";
		};
		39BDC065299F23630035F1C1 /* FundamentalsOfMusicUITests */ = {
			isa = PBXGroup;
			children = (
				39BDC066299F23630035F1C1 /* FundamentalsOfMusicUITests.swift */,
				39BDC068299F23630035F1C1 /* FundamentalsOfMusicUITestsLaunchTests.swift */,
			);
			path = FundamentalsOfMusicUITests;
			sourceTree = "<group>";
		};
		39BDC07529A097230035F1C1 /* Scenes */ = {
			isa = PBXGroup;
			children = (
				39BDC07B29A0A3760035F1C1 /* Home */,
			);
			path = Scenes;
			sourceTree = "<group>";
		};
		39BDC07629A0979A0035F1C1 /* Staff */ = {
			isa = PBXGroup;
			children = (
				39BDC07729A097AE0035F1C1 /* Staff.swift */,
				39BDC07929A098DC0035F1C1 /* Note.swift */,
				39BDC08329C2D5C20035F1C1 /* StaffNew.swift */,
			);
			path = Staff;
			sourceTree = "<group>";
		};
		39BDC07B29A0A3760035F1C1 /* Home */ = {
			isa = PBXGroup;
			children = (
				39BDC07C29A0A3A20035F1C1 /* Home.swift */,
			);
			path = Home;
			sourceTree = "<group>";
		};
		39BDC08029A0AE750035F1C1 /* Services */ = {
			isa = PBXGroup;
			children = (
				39BDC08129A0AF900035F1C1 /* SheetItemsService.swift */,
			);
			path = Services;
			sourceTree = "<group>";
		};
/* End PBXGroup section */

/* Begin PBXNativeTarget section */
		39BDC042299F23620035F1C1 /* FundamentalsOfMusic */ = {
			isa = PBXNativeTarget;
			buildConfigurationList = 39BDC06C299F23630035F1C1 /* Build configuration list for PBXNativeTarget "FundamentalsOfMusic" */;
			buildPhases = (
				39BDC03F299F23620035F1C1 /* Sources */,
				39BDC040299F23620035F1C1 /* Frameworks */,
				39BDC041299F23620035F1C1 /* Resources */,
			);
			buildRules = (
			);
			dependencies = (
			);
			name = FundamentalsOfMusic;
			productName = FundamentalsOfMusic;
			productReference = 39BDC043299F23620035F1C1 /* FundamentalsOfMusic.app */;
			productType = "com.apple.product-type.application";
		};
		39BDC057299F23630035F1C1 /* FundamentalsOfMusicTests */ = {
			isa = PBXNativeTarget;
			buildConfigurationList = 39BDC06F299F23630035F1C1 /* Build configuration list for PBXNativeTarget "FundamentalsOfMusicTests" */;
			buildPhases = (
				39BDC054299F23630035F1C1 /* Sources */,
				39BDC055299F23630035F1C1 /* Frameworks */,
				39BDC056299F23630035F1C1 /* Resources */,
			);
			buildRules = (
			);
			dependencies = (
				39BDC05A299F23630035F1C1 /* PBXTargetDependency */,
			);
			name = FundamentalsOfMusicTests;
			productName = FundamentalsOfMusicTests;
			productReference = 39BDC058299F23630035F1C1 /* FundamentalsOfMusicTests.xctest */;
			productType = "com.apple.product-type.bundle.unit-test";
		};
		39BDC061299F23630035F1C1 /* FundamentalsOfMusicUITests */ = {
			isa = PBXNativeTarget;
			buildConfigurationList = 39BDC072299F23630035F1C1 /* Build configuration list for PBXNativeTarget "FundamentalsOfMusicUITests" */;
			buildPhases = (
				39BDC05E299F23630035F1C1 /* Sources */,
				39BDC05F299F23630035F1C1 /* Frameworks */,
				39BDC060299F23630035F1C1 /* Resources */,
			);
			buildRules = (
			);
			dependencies = (
				39BDC064299F23630035F1C1 /* PBXTargetDependency */,
			);
			name = FundamentalsOfMusicUITests;
			productName = FundamentalsOfMusicUITests;
			productReference = 39BDC062299F23630035F1C1 /* FundamentalsOfMusicUITests.xctest */;
			productType = "com.apple.product-type.bundle.ui-testing";
		};
/* End PBXNativeTarget section */

/* Begin PBXProject section */
		39BDC03B299F23620035F1C1 /* Project object */ = {
			isa = PBXProject;
			attributes = {
				BuildIndependentTargetsInParallel = 1;
				LastSwiftUpdateCheck = 1410;
				LastUpgradeCheck = 1410;
				TargetAttributes = {
					39BDC042299F23620035F1C1 = {
						CreatedOnToolsVersion = 14.1;
					};
					39BDC057299F23630035F1C1 = {
						CreatedOnToolsVersion = 14.1;
						TestTargetID = 39BDC042299F23620035F1C1;
					};
					39BDC061299F23630035F1C1 = {
						CreatedOnToolsVersion = 14.1;
						TestTargetID = 39BDC042299F23620035F1C1;
					};
				};
			};
			buildConfigurationList = 39BDC03E299F23620035F1C1 /* Build configuration list for PBXProject "FundamentalsOfMusic" */;
			compatibilityVersion = "Xcode 14.0";
			developmentRegion = en;
			hasScannedForEncodings = 0;
			knownRegions = (
				en,
				Base,
			);
			mainGroup = 39BDC03A299F23620035F1C1;
			productRefGroup = 39BDC044299F23620035F1C1 /* Products */;
			projectDirPath = "";
			projectRoot = "";
			targets = (
				39BDC042299F23620035F1C1 /* FundamentalsOfMusic */,
				39BDC057299F23630035F1C1 /* FundamentalsOfMusicTests */,
				39BDC061299F23630035F1C1 /* FundamentalsOfMusicUITests */,
			);
		};
/* End PBXProject section */

/* Begin PBXResourcesBuildPhase section */
		39BDC041299F23620035F1C1 /* Resources */ = {
			isa = PBXResourcesBuildPhase;
			buildActionMask = 2147483647;
			files = (
				39BDC07F29A0AA380035F1C1 /* Colors.xcassets in Resources */,
				39BDC04E299F23630035F1C1 /* Preview Assets.xcassets in Resources */,
				39BDC04B299F23630035F1C1 /* Assets.xcassets in Resources */,
			);
			runOnlyForDeploymentPostprocessing = 0;
		};
		39BDC056299F23630035F1C1 /* Resources */ = {
			isa = PBXResourcesBuildPhase;
			buildActionMask = 2147483647;
			files = (
			);
			runOnlyForDeploymentPostprocessing = 0;
		};
		39BDC060299F23630035F1C1 /* Resources */ = {
			isa = PBXResourcesBuildPhase;
			buildActionMask = 2147483647;
			files = (
			);
			runOnlyForDeploymentPostprocessing = 0;
		};
/* End PBXResourcesBuildPhase section */

/* Begin PBXSourcesBuildPhase section */
		39BDC03F299F23620035F1C1 /* Sources */ = {
			isa = PBXSourcesBuildPhase;
			buildActionMask = 2147483647;
			files = (
				39BDC07829A097AE0035F1C1 /* Staff.swift in Sources */,
				39BDC053299F23630035F1C1 /* FundamentalsOfMusic.xcdatamodeld in Sources */,
				39BDC08429C2D5C20035F1C1 /* StaffNew.swift in Sources */,
				39BDC050299F23630035F1C1 /* Persistence.swift in Sources */,
				39BDC049299F23620035F1C1 /* ContentView.swift in Sources */,
				39BDC047299F23620035F1C1 /* FundamentalsOfMusicApp.swift in Sources */,
				39BDC07A29A098DC0035F1C1 /* Note.swift in Sources */,
				39BDC08229A0AF900035F1C1 /* SheetItemsService.swift in Sources */,
				39BDC07D29A0A3A20035F1C1 /* Home.swift in Sources */,
			);
			runOnlyForDeploymentPostprocessing = 0;
		};
		39BDC054299F23630035F1C1 /* Sources */ = {
			isa = PBXSourcesBuildPhase;
			buildActionMask = 2147483647;
			files = (
				39BDC05D299F23630035F1C1 /* FundamentalsOfMusicTests.swift in Sources */,
			);
			runOnlyForDeploymentPostprocessing = 0;
		};
		39BDC05E299F23630035F1C1 /* Sources */ = {
			isa = PBXSourcesBuildPhase;
			buildActionMask = 2147483647;
			files = (
				39BDC067299F23630035F1C1 /* FundamentalsOfMusicUITests.swift in Sources */,
				39BDC069299F23630035F1C1 /* FundamentalsOfMusicUITestsLaunchTests.swift in Sources */,
			);
			runOnlyForDeploymentPostprocessing = 0;
		};
/* End PBXSourcesBuildPhase section */

/* Begin PBXTargetDependency section */
		39BDC05A299F23630035F1C1 /* PBXTargetDependency */ = {
			isa = PBXTargetDependency;
			target = 39BDC042299F23620035F1C1 /* FundamentalsOfMusic */;
			targetProxy = 39BDC059299F23630035F1C1 /* PBXContainerItemProxy */;
		};
		39BDC064299F23630035F1C1 /* PBXTargetDependency */ = {
			isa = PBXTargetDependency;
			target = 39BDC042299F23620035F1C1 /* FundamentalsOfMusic */;
			targetProxy = 39BDC063299F23630035F1C1 /* PBXContainerItemProxy */;
		};
/* End PBXTargetDependency section */

/* Begin XCBuildConfiguration section */
		39BDC06A299F23630035F1C1 /* Debug */ = {
			isa = XCBuildConfiguration;
			buildSettings = {
				ALWAYS_SEARCH_USER_PATHS = NO;
				CLANG_ANALYZER_NONNULL = YES;
				CLANG_ANALYZER_NUMBER_OBJECT_CONVERSION = YES_AGGRESSIVE;
				CLANG_CXX_LANGUAGE_STANDARD = "gnu++20";
				CLANG_ENABLE_MODULES = YES;
				CLANG_ENABLE_OBJC_ARC = YES;
				CLANG_ENABLE_OBJC_WEAK = YES;
				CLANG_WARN_BLOCK_CAPTURE_AUTORELEASING = YES;
				CLANG_WARN_BOOL_CONVERSION = YES;
				CLANG_WARN_COMMA = YES;
				CLANG_WARN_CONSTANT_CONVERSION = YES;
				CLANG_WARN_DEPRECATED_OBJC_IMPLEMENTATIONS = YES;
				CLANG_WARN_DIRECT_OBJC_ISA_USAGE = YES_ERROR;
				CLANG_WARN_DOCUMENTATION_COMMENTS = YES;
				CLANG_WARN_EMPTY_BODY = YES;
				CLANG_WARN_ENUM_CONVERSION = YES;
				CLANG_WARN_INFINITE_RECURSION = YES;
				CLANG_WARN_INT_CONVERSION = YES;
				CLANG_WARN_NON_LITERAL_NULL_CONVERSION = YES;
				CLANG_WARN_OBJC_IMPLICIT_RETAIN_SELF = YES;
				CLANG_WARN_OBJC_LITERAL_CONVERSION = YES;
				CLANG_WARN_OBJC_ROOT_CLASS = YES_ERROR;
				CLANG_WARN_QUOTED_INCLUDE_IN_FRAMEWORK_HEADER = YES;
				CLANG_WARN_RANGE_LOOP_ANALYSIS = YES;
				CLANG_WARN_STRICT_PROTOTYPES = YES;
				CLANG_WARN_SUSPICIOUS_MOVE = YES;
				CLANG_WARN_UNGUARDED_AVAILABILITY = YES_AGGRESSIVE;
				CLANG_WARN_UNREACHABLE_CODE = YES;
				CLANG_WARN__DUPLICATE_METHOD_MATCH = YES;
				COPY_PHASE_STRIP = NO;
				DEBUG_INFORMATION_FORMAT = dwarf;
				ENABLE_STRICT_OBJC_MSGSEND = YES;
				ENABLE_TESTABILITY = YES;
				GCC_C_LANGUAGE_STANDARD = gnu11;
				GCC_DYNAMIC_NO_PIC = NO;
				GCC_NO_COMMON_BLOCKS = YES;
				GCC_OPTIMIZATION_LEVEL = 0;
				GCC_PREPROCESSOR_DEFINITIONS = (
					"DEBUG=1",
					"$(inherited)",
				);
				GCC_WARN_64_TO_32_BIT_CONVERSION = YES;
				GCC_WARN_ABOUT_RETURN_TYPE = YES_ERROR;
				GCC_WARN_UNDECLARED_SELECTOR = YES;
				GCC_WARN_UNINITIALIZED_AUTOS = YES_AGGRESSIVE;
				GCC_WARN_UNUSED_FUNCTION = YES;
				GCC_WARN_UNUSED_VARIABLE = YES;
				IPHONEOS_DEPLOYMENT_TARGET = 16.1;
				MTL_ENABLE_DEBUG_INFO = INCLUDE_SOURCE;
				MTL_FAST_MATH = YES;
				ONLY_ACTIVE_ARCH = YES;
				SDKROOT = iphoneos;
				SWIFT_ACTIVE_COMPILATION_CONDITIONS = DEBUG;
				SWIFT_OPTIMIZATION_LEVEL = "-Onone";
			};
			name = Debug;
		};
		39BDC06B299F23630035F1C1 /* Release */ = {
			isa = XCBuildConfiguration;
			buildSettings = {
				ALWAYS_SEARCH_USER_PATHS = NO;
				CLANG_ANALYZER_NONNULL = YES;
				CLANG_ANALYZER_NUMBER_OBJECT_CONVERSION = YES_AGGRESSIVE;
				CLANG_CXX_LANGUAGE_STANDARD = "gnu++20";
				CLANG_ENABLE_MODULES = YES;
				CLANG_ENABLE_OBJC_ARC = YES;
				CLANG_ENABLE_OBJC_WEAK = YES;
				CLANG_WARN_BLOCK_CAPTURE_AUTORELEASING = YES;
				CLANG_WARN_BOOL_CONVERSION = YES;
				CLANG_WARN_COMMA = YES;
				CLANG_WARN_CONSTANT_CONVERSION = YES;
				CLANG_WARN_DEPRECATED_OBJC_IMPLEMENTATIONS = YES;
				CLANG_WARN_DIRECT_OBJC_ISA_USAGE = YES_ERROR;
				CLANG_WARN_DOCUMENTATION_COMMENTS = YES;
				CLANG_WARN_EMPTY_BODY = YES;
				CLANG_WARN_ENUM_CONVERSION = YES;
				CLANG_WARN_INFINITE_RECURSION = YES;
				CLANG_WARN_INT_CONVERSION = YES;
				CLANG_WARN_NON_LITERAL_NULL_CONVERSION = YES;
				CLANG_WARN_OBJC_IMPLICIT_RETAIN_SELF = YES;
				CLANG_WARN_OBJC_LITERAL_CONVERSION = YES;
				CLANG_WARN_OBJC_ROOT_CLASS = YES_ERROR;
				CLANG_WARN_QUOTED_INCLUDE_IN_FRAMEWORK_HEADER = YES;
				CLANG_WARN_RANGE_LOOP_ANALYSIS = YES;
				CLANG_WARN_STRICT_PROTOTYPES = YES;
				CLANG_WARN_SUSPICIOUS_MOVE = YES;
				CLANG_WARN_UNGUARDED_AVAILABILITY = YES_AGGRESSIVE;
				CLANG_WARN_UNREACHABLE_CODE = YES;
				CLANG_WARN__DUPLICATE_METHOD_MATCH = YES;
				COPY_PHASE_STRIP = NO;
				DEBUG_INFORMATION_FORMAT = "dwarf-with-dsym";
				ENABLE_NS_ASSERTIONS = NO;
				ENABLE_STRICT_OBJC_MSGSEND = YES;
				GCC_C_LANGUAGE_STANDARD = gnu11;
				GCC_NO_COMMON_BLOCKS = YES;
				GCC_WARN_64_TO_32_BIT_CONVERSION = YES;
				GCC_WARN_ABOUT_RETURN_TYPE = YES_ERROR;
				GCC_WARN_UNDECLARED_SELECTOR = YES;
				GCC_WARN_UNINITIALIZED_AUTOS = YES_AGGRESSIVE;
				GCC_WARN_UNUSED_FUNCTION = YES;
				GCC_WARN_UNUSED_VARIABLE = YES;
				IPHONEOS_DEPLOYMENT_TARGET = 16.1;
				MTL_ENABLE_DEBUG_INFO = NO;
				MTL_FAST_MATH = YES;
				SDKROOT = iphoneos;
				SWIFT_COMPILATION_MODE = wholemodule;
				SWIFT_OPTIMIZATION_LEVEL = "-O";
				VALIDATE_PRODUCT = YES;
			};
			name = Release;
		};
		39BDC06D299F23630035F1C1 /* Debug */ = {
			isa = XCBuildConfiguration;
			buildSettings = {
				ASSETCATALOG_COMPILER_APPICON_NAME = AppIcon;
				ASSETCATALOG_COMPILER_GLOBAL_ACCENT_COLOR_NAME = AccentColor;
				CODE_SIGN_STYLE = Automatic;
				CURRENT_PROJECT_VERSION = 1;
				DEVELOPMENT_ASSET_PATHS = "\"FundamentalsOfMusic/Preview Content\"";
				DEVELOPMENT_TEAM = 3749PZ2VY8;
				ENABLE_PREVIEWS = YES;
				GENERATE_INFOPLIST_FILE = YES;
				INFOPLIST_KEY_UIApplicationSceneManifest_Generation = YES;
				INFOPLIST_KEY_UIApplicationSupportsIndirectInputEvents = YES;
				INFOPLIST_KEY_UILaunchScreen_Generation = YES;
				INFOPLIST_KEY_UISupportedInterfaceOrientations_iPad = "UIInterfaceOrientationPortrait UIInterfaceOrientationPortraitUpsideDown UIInterfaceOrientationLandscapeLeft UIInterfaceOrientationLandscapeRight";
				INFOPLIST_KEY_UISupportedInterfaceOrientations_iPhone = "UIInterfaceOrientationPortrait UIInterfaceOrientationLandscapeLeft UIInterfaceOrientationLandscapeRight";
				LD_RUNPATH_SEARCH_PATHS = (
					"$(inherited)",
					"@executable_path/Frameworks",
				);
				MARKETING_VERSION = 1.0;
				PRODUCT_BUNDLE_IDENTIFIER = Germsrosolino.FundamentalsOfMusic;
				PRODUCT_NAME = "$(TARGET_NAME)";
				SWIFT_EMIT_LOC_STRINGS = YES;
				SWIFT_VERSION = 5.0;
				TARGETED_DEVICE_FAMILY = "1,2";
			};
			name = Debug;
		};
		39BDC06E299F23630035F1C1 /* Release */ = {
			isa = XCBuildConfiguration;
			buildSettings = {
				ASSETCATALOG_COMPILER_APPICON_NAME = AppIcon;
				ASSETCATALOG_COMPILER_GLOBAL_ACCENT_COLOR_NAME = AccentColor;
				CODE_SIGN_STYLE = Automatic;
				CURRENT_PROJECT_VERSION = 1;
				DEVELOPMENT_ASSET_PATHS = "\"FundamentalsOfMusic/Preview Content\"";
				DEVELOPMENT_TEAM = 3749PZ2VY8;
				ENABLE_PREVIEWS = YES;
				GENERATE_INFOPLIST_FILE = YES;
				INFOPLIST_KEY_UIApplicationSceneManifest_Generation = YES;
				INFOPLIST_KEY_UIApplicationSupportsIndirectInputEvents = YES;
				INFOPLIST_KEY_UILaunchScreen_Generation = YES;
				INFOPLIST_KEY_UISupportedInterfaceOrientations_iPad = "UIInterfaceOrientationPortrait UIInterfaceOrientationPortraitUpsideDown UIInterfaceOrientationLandscapeLeft UIInterfaceOrientationLandscapeRight";
				INFOPLIST_KEY_UISupportedInterfaceOrientations_iPhone = "UIInterfaceOrientationPortrait UIInterfaceOrientationLandscapeLeft UIInterfaceOrientationLandscapeRight";
				LD_RUNPATH_SEARCH_PATHS = (
					"$(inherited)",
					"@executable_path/Frameworks",
				);
				MARKETING_VERSION = 1.0;
				PRODUCT_BUNDLE_IDENTIFIER = Germsrosolino.FundamentalsOfMusic;
				PRODUCT_NAME = "$(TARGET_NAME)";
				SWIFT_EMIT_LOC_STRINGS = YES;
				SWIFT_VERSION = 5.0;
				TARGETED_DEVICE_FAMILY = "1,2";
			};
			name = Release;
		};
		39BDC070299F23630035F1C1 /* Debug */ = {
			isa = XCBuildConfiguration;
			buildSettings = {
				ALWAYS_EMBED_SWIFT_STANDARD_LIBRARIES = YES;
				BUNDLE_LOADER = "$(TEST_HOST)";
				CODE_SIGN_STYLE = Automatic;
				CURRENT_PROJECT_VERSION = 1;
				DEVELOPMENT_TEAM = 3749PZ2VY8;
				GENERATE_INFOPLIST_FILE = YES;
				IPHONEOS_DEPLOYMENT_TARGET = 16.1;
				MARKETING_VERSION = 1.0;
				PRODUCT_BUNDLE_IDENTIFIER = Germsrosolino.FundamentalsOfMusicTests;
				PRODUCT_NAME = "$(TARGET_NAME)";
				SWIFT_EMIT_LOC_STRINGS = NO;
				SWIFT_VERSION = 5.0;
				TARGETED_DEVICE_FAMILY = "1,2";
				TEST_HOST = "$(BUILT_PRODUCTS_DIR)/FundamentalsOfMusic.app/$(BUNDLE_EXECUTABLE_FOLDER_PATH)/FundamentalsOfMusic";
			};
			name = Debug;
		};
		39BDC071299F23630035F1C1 /* Release */ = {
			isa = XCBuildConfiguration;
			buildSettings = {
				ALWAYS_EMBED_SWIFT_STANDARD_LIBRARIES = YES;
				BUNDLE_LOADER = "$(TEST_HOST)";
				CODE_SIGN_STYLE = Automatic;
				CURRENT_PROJECT_VERSION = 1;
				DEVELOPMENT_TEAM = 3749PZ2VY8;
				GENERATE_INFOPLIST_FILE = YES;
				IPHONEOS_DEPLOYMENT_TARGET = 16.1;
				MARKETING_VERSION = 1.0;
				PRODUCT_BUNDLE_IDENTIFIER = Germsrosolino.FundamentalsOfMusicTests;
				PRODUCT_NAME = "$(TARGET_NAME)";
				SWIFT_EMIT_LOC_STRINGS = NO;
				SWIFT_VERSION = 5.0;
				TARGETED_DEVICE_FAMILY = "1,2";
				TEST_HOST = "$(BUILT_PRODUCTS_DIR)/FundamentalsOfMusic.app/$(BUNDLE_EXECUTABLE_FOLDER_PATH)/FundamentalsOfMusic";
			};
			name = Release;
		};
		39BDC073299F23630035F1C1 /* Debug */ = {
			isa = XCBuildConfiguration;
			buildSettings = {
				ALWAYS_EMBED_SWIFT_STANDARD_LIBRARIES = YES;
				CODE_SIGN_STYLE = Automatic;
				CURRENT_PROJECT_VERSION = 1;
				DEVELOPMENT_TEAM = 3749PZ2VY8;
				GENERATE_INFOPLIST_FILE = YES;
				MARKETING_VERSION = 1.0;
				PRODUCT_BUNDLE_IDENTIFIER = Germsrosolino.FundamentalsOfMusicUITests;
				PRODUCT_NAME = "$(TARGET_NAME)";
				SWIFT_EMIT_LOC_STRINGS = NO;
				SWIFT_VERSION = 5.0;
				TARGETED_DEVICE_FAMILY = "1,2";
				TEST_TARGET_NAME = FundamentalsOfMusic;
			};
			name = Debug;
		};
		39BDC074299F23630035F1C1 /* Release */ = {
			isa = XCBuildConfiguration;
			buildSettings = {
				ALWAYS_EMBED_SWIFT_STANDARD_LIBRARIES = YES;
				CODE_SIGN_STYLE = Automatic;
				CURRENT_PROJECT_VERSION = 1;
				DEVELOPMENT_TEAM = 3749PZ2VY8;
				GENERATE_INFOPLIST_FILE = YES;
				MARKETING_VERSION = 1.0;
				PRODUCT_BUNDLE_IDENTIFIER = Germsrosolino.FundamentalsOfMusicUITests;
				PRODUCT_NAME = "$(TARGET_NAME)";
				SWIFT_EMIT_LOC_STRINGS = NO;
				SWIFT_VERSION = 5.0;
				TARGETED_DEVICE_FAMILY = "1,2";
				TEST_TARGET_NAME = FundamentalsOfMusic;
			};
			name = Release;
		};
/* End XCBuildConfiguration section */

/* Begin XCConfigurationList section */
		39BDC03E299F23620035F1C1 /* Build configuration list for PBXProject "FundamentalsOfMusic" */ = {
			isa = XCConfigurationList;
			buildConfigurations = (
				39BDC06A299F23630035F1C1 /* Debug */,
				39BDC06B299F23630035F1C1 /* Release */,
			);
			defaultConfigurationIsVisible = 0;
			defaultConfigurationName = Release;
		};
		39BDC06C299F23630035F1C1 /* Build configuration list for PBXNativeTarget "FundamentalsOfMusic" */ = {
			isa = XCConfigurationList;
			buildConfigurations = (
				39BDC06D299F23630035F1C1 /* Debug */,
				39BDC06E299F23630035F1C1 /* Release */,
			);
			defaultConfigurationIsVisible = 0;
			defaultConfigurationName = Release;
		};
		39BDC06F299F23630035F1C1 /* Build configuration list for PBXNativeTarget "FundamentalsOfMusicTests" */ = {
			isa = XCConfigurationList;
			buildConfigurations = (
				39BDC070299F23630035F1C1 /* Debug */,
				39BDC071299F23630035F1C1 /* Release */,
			);
			defaultConfigurationIsVisible = 0;
			defaultConfigurationName = Release;
		};
		39BDC072299F23630035F1C1 /* Build configuration list for PBXNativeTarget "FundamentalsOfMusicUITests" */ = {
			isa = XCConfigurationList;
			buildConfigurations = (
				39BDC073299F23630035F1C1 /* Debug */,
				39BDC074299F23630035F1C1 /* Release */,
			);
			defaultConfigurationIsVisible = 0;
			defaultConfigurationName = Release;
		};
/* End XCConfigurationList section */

/* Begin XCVersionGroup section */
		39BDC051299F23630035F1C1 /* FundamentalsOfMusic.xcdatamodeld */ = {
			isa = XCVersionGroup;
			children = (
				39BDC052299F23630035F1C1 /* FundamentalsOfMusic.xcdatamodel */,
			);
			currentVersion = 39BDC052299F23630035F1C1 /* FundamentalsOfMusic.xcdatamodel */;
			path = FundamentalsOfMusic.xcdatamodeld;
			sourceTree = "<group>";
			versionGroupType = wrapper.xcdatamodel;
		};
/* End XCVersionGroup section */
	};
	rootObject = 39BDC03B299F23620035F1C1 /* Project object */;
}
